<?xml version="1.0" encoding="utf-8"?>
<Project ToolsVersion="4.0" xmlns="http://schemas.microsoft.com/developer/msbuild/2003">
  <ItemGroup>
    <Filter Include="Source Files">
      <UniqueIdentifier>{4FC737F1-C7A5-4376-A066-2A32D752A2FF}</UniqueIdentifier>
      <Extensions>cpp;c;cc;cxx;def;odl;idl;hpj;bat;asm;asmx</Extensions>
    </Filter>
    <Filter Include="Header Files">
      <UniqueIdentifier>{93995380-89BD-4b04-88EB-625FBE52EBFB}</UniqueIdentifier>
      <Extensions>h;hh;hpp;hxx;hm;inl;inc;xsd</Extensions>
    </Filter>
    <Filter Include="Resource Files">
      <UniqueIdentifier>{67DA6AB6-F800-4c08-8B7A-83BB121AAD01}</UniqueIdentifier>
      <Extensions>rc;ico;cur;bmp;dlg;rc2;rct;bin;rgs;gif;jpg;jpeg;jpe;resx;tiff;tif;png;wav;mfcribbon-ms</Extensions>
    </Filter>
    <Filter Include="shaders">
      <UniqueIdentifier>{b0877309-d3b3-453b-8100-6fe30e5ee485}</UniqueIdentifier>
    </Filter>
    <Filter Include="imgui">
      <UniqueIdentifier>{a770e0e9-5547-4f70-83ed-a6dbf78cad04}</UniqueIdentifier>
    </Filter>
    <Filter Include="Visualisers">
      <UniqueIdentifier>{38444f22-dbba-4916-89b7-8892ddb59816}</UniqueIdentifier>
    </Filter>
    <Filter Include="tinyxml2">
      <UniqueIdentifier>{e079712c-8acb-4ed4-a0bf-e26f9ff266c7}</UniqueIdentifier>
    </Filter>
  </ItemGroup>
  <ItemGroup>
    <ClCompile Include="main.cpp">
      <Filter>Source Files</Filter>
    </ClCompile>
    <ClCompile Include="imgui\imgui_draw.cpp">
      <Filter>imgui</Filter>
    </ClCompile>
    <ClCompile Include="imgui\imgui.cpp">
      <Filter>imgui</Filter>
    </ClCompile>
    <ClCompile Include="imgui-sfml\imgui-SFML.cpp">
      <Filter>imgui</Filter>
    </ClCompile>
    <ClCompile Include="FrequencyWave.cpp">
      <Filter>Source Files</Filter>
    </ClCompile>
    <ClCompile Include="Config.cpp">
      <Filter>Source Files</Filter>
    </ClCompile>
    <ClCompile Include="AngelVis.cpp">
      <Filter>Visualisers</Filter>
    </ClCompile>
    <ClCompile Include="BetweenVis.cpp">
      <Filter>Visualisers</Filter>
    </ClCompile>
    <ClCompile Include="DoorwayVis.cpp">
      <Filter>Visualisers</Filter>
    </ClCompile>
    <ClCompile Include="StarFallVis.cpp">
      <Filter>Visualisers</Filter>
    </ClCompile>
    <ClCompile Include="TesseractVis.cpp">
      <Filter>Visualisers</Filter>
    </ClCompile>
    <ClCompile Include="VortexVis.cpp">
      <Filter>Visualisers</Filter>
    </ClCompile>
    <ClCompile Include="Visualiser.cpp">
      <Filter>Visualisers</Filter>
    </ClCompile>
    <ClCompile Include="SingularityVis.cpp">
      <Filter>Visualisers</Filter>
    </ClCompile>
    <ClCompile Include="xmlConfig.cpp">
      <Filter>Source Files</Filter>
    </ClCompile>
    <ClCompile Include="tinyxml2\tinyxml2.cpp">
      <Filter>tinyxml2</Filter>
    </ClCompile>
  </ItemGroup>
  <ItemGroup>
    <None Include="Shaders\wave.frag">
      <Filter>shaders</Filter>
    </None>
  </ItemGroup>
  <ItemGroup>
    <ClInclude Include="Config.h">
      <Filter>Header Files</Filter>
    </ClInclude>
    <ClInclude Include="FrequencyWave.h">
      <Filter>Header Files</Filter>
    </ClInclude>
    <ClInclude Include="resource.h">
      <Filter>Header Files</Filter>
    </ClInclude>
    <ClInclude Include="AngelVis.h">
      <Filter>Visualisers</Filter>
    </ClInclude>
    <ClInclude Include="BetweenVis.h">
      <Filter>Visualisers</Filter>
    </ClInclude>
    <ClInclude Include="DoorwayVis.h">
      <Filter>Visualisers</Filter>
    </ClInclude>
    <ClInclude Include="StarFallVis.h">
      <Filter>Visualisers</Filter>
    </ClInclude>
    <ClInclude Include="TesseractVis.h">
      <Filter>Visualisers</Filter>
    </ClInclude>
    <ClInclude Include="VortexVis.h">
      <Filter>Visualisers</Filter>
    </ClInclude>
    <ClInclude Include="Visualiser.h">
      <Filter>Visualisers</Filter>
    </ClInclude>
    <ClInclude Include="SingularityVis.h">
      <Filter>Visualisers</Filter>
    </ClInclude>
    <ClInclude Include="xmlConfig.h">
      <Filter>Header Files</Filter>
    </ClInclude>
    <ClInclude Include="tinyxml2\tinyxml2.h">
      <Filter>tinyxml2</Filter>
    </ClInclude>
  </ItemGroup>
  <ItemGroup>
    <Image Include="icon1.ico">
      <Filter>Resource Files</Filter>
    </Image>
  </ItemGroup>
  <ItemGroup>
    <ResourceCompile Include="VisualiStar.rc">
      <Filter>Resource Files</Filter>
    </ResourceCompile>
  </ItemGroup>
</Project>